
Microsoft Visual Studio Solution File, Format Version 12.00
# Visual Studio 15
VisualStudioVersion = 15.0.28307.572
MinimumVisualStudioVersion = 10.0.40219.1
Project("{FAE04EC0-301F-11D3-BF4B-00C04F79EFBC}") = "T4Test", "T4Test\T4Test.csproj", "{1F0B47B6-41BA-4CF5-A015-34D57D1DAD62}"
EndProject
Project("{FAE04EC0-301F-11D3-BF4B-00C04F79EFBC}") = "Depend", "Depend\Depend.csproj", "{A7DA90C6-7E0D-490A-81B6-76B874689D19}"
EndProject
Global
	GlobalSection(SolutionConfigurationPlatforms) = preSolution
		Debug|Any CPU = Debug|Any CPU
		Release|Any CPU = Release|Any CPU
	EndGlobalSection
	GlobalSection(ProjectConfigurationPlatforms) = postSolution
		{1F0B47B6-41BA-4CF5-A015-34D57D1DAD62}.Debug|Any CPU.ActiveCfg = Debug|Any CPU
		{1F0B47B6-41BA-4CF5-A015-34D57D1DAD62}.Debug|Any CPU.Build.0 = Debug|Any CPU
		{1F0B47B6-41BA-4CF5-A015-34D57D1DAD62}.Release|Any CPU.ActiveCfg = Release|Any CPU
		{1F0B47B6-41BA-4CF5-A015-34D57D1DAD62}.Release|Any CPU.Build.0 = Release|Any CPU
		{A7DA90C6-7E0D-490A-81B6-76B874689D19}.Debug|Any CPU.ActiveCfg = Debug|Any CPU
		{A7DA90C6-7E0D-490A-81B6-76B874689D19}.Debug|Any CPU.Build.0 = Debug|Any CPU
		{A7DA90C6-7E0D-490A-81B6-76B874689D19}.Release|Any CPU.ActiveCfg = Release|Any CPU
		{A7DA90C6-7E0D-490A-81B6-76B874689D19}.Release|Any CPU.Build.0 = Release|Any CPU
	EndGlobalSection
	GlobalSection(SolutionProperties) = preSolution
		HideSolutionNode = FALSE
	EndGlobalSection
	GlobalSection(ExtensibilityGlobals) = postSolution
		SolutionGuid = {10322D2D-0984-455B-A506-78B77A25065B}
	EndGlobalSection
EndGlobal
